
Microsoft Visual Studio Solution File, Format Version 12.00
# Visual Studio 15
VisualStudioVersion = 15.0.27428.2027
MinimumVisualStudioVersion = 10.0.40219.1
Project("{9A19103F-16F7-4668-BE54-9A1E7A4F7556}") = "ConsoleApp.CodeWithoutVisitorPattern", "ConsoleApp.CodeWithoutVisitorPattern\ConsoleApp.CodeWithoutVisitorPattern.csproj", "{43056E42-23FA-429B-9804-33ACB3D82529}"
EndProject
Project("{FAE04EC0-301F-11D3-BF4B-00C04F79EFBC}") = "Finance.Domain", "Finance.Domain\Finance.Domain.csproj", "{B5810BA6-E9A2-4E73-AF0E-297A740F7C14}"
EndProject
Global
	GlobalSection(SolutionConfigurationPlatforms) = preSolution
		Debug|Any CPU = Debug|Any CPU
		Release|Any CPU = Release|Any CPU
	EndGlobalSection
	GlobalSection(ProjectConfigurationPlatforms) = postSolution
		{43056E42-23FA-429B-9804-33ACB3D82529}.Debug|Any CPU.ActiveCfg = Debug|Any CPU
		{43056E42-23FA-429B-9804-33ACB3D82529}.Debug|Any CPU.Build.0 = Debug|Any CPU
		{43056E42-23FA-429B-9804-33ACB3D82529}.Release|Any CPU.ActiveCfg = Release|Any CPU
		{43056E42-23FA-429B-9804-33ACB3D82529}.Release|Any CPU.Build.0 = Release|Any CPU
		{B5810BA6-E9A2-4E73-AF0E-297A740F7C14}.Debug|Any CPU.ActiveCfg = Debug|Any CPU
		{B5810BA6-E9A2-4E73-AF0E-297A740F7C14}.Debug|Any CPU.Build.0 = Debug|Any CPU
		{B5810BA6-E9A2-4E73-AF0E-297A740F7C14}.Release|Any CPU.ActiveCfg = Release|Any CPU
		{B5810BA6-E9A2-4E73-AF0E-297A740F7C14}.Release|Any CPU.Build.0 = Release|Any CPU
	EndGlobalSection
	GlobalSection(SolutionProperties) = preSolution
		HideSolutionNode = FALSE
	EndGlobalSection
	GlobalSection(ExtensibilityGlobals) = postSolution
		SolutionGuid = {E57315C1-6A20-4EC3-817F-E7BEDDFEE894}
	EndGlobalSection
EndGlobal
